
Microsoft Visual Studio Solution File, Format Version 12.00
# Visual Studio 2012
Project("{FAE04EC0-301F-11D3-BF4B-00C04F79EFBC}") = "APIHost", "APIHost\APIHost.csproj", "{CCCB485D-BF52-401C-AA8B-5E3B7DF8D3BD}"
EndProject
Project("{2150E333-8FDC-42A3-9474-1A3956D46DE8}") = "API Versions", "API Versions", "{A08769F1-15FF-402A-9C2E-716AA7023355}"
EndProject
Project("{2150E333-8FDC-42A3-9474-1A3956D46DE8}") = "v1", "v1", "{5276B976-2E8F-48E7-B92C-4BC724FB21ED}"
EndProject
Project("{FAE04EC0-301F-11D3-BF4B-00C04F79EFBC}") = "API.Interface.v1", "Versions\v1\API.Interface\API.Interface.v1.csproj", "{2A7907F5-73AB-4C64-BB3E-375FA120371E}"
EndProject
Project("{FAE04EC0-301F-11D3-BF4B-00C04F79EFBC}") = "API.Implementation.v1", "Versions\v1\API.Implementation\API.Implementation.v1.csproj", "{7826DC35-D68F-4DF1-906A-7229A57A8E15}"
EndProject
Project("{2150E333-8FDC-42A3-9474-1A3956D46DE8}") = "v2", "v2", "{21C4446D-E10D-4A96-89C8-44A2D3CF5374}"
EndProject
Project("{FAE04EC0-301F-11D3-BF4B-00C04F79EFBC}") = "API.Implementation.v2", "Versions\v2\API.Implementation\API.Implementation.v2.csproj", "{D089C48B-F7AE-4DB8-B5E9-271FAB07CC18}"
EndProject
Project("{FAE04EC0-301F-11D3-BF4B-00C04F79EFBC}") = "API.Interface.v2", "Versions\v2\API.Interface\API.Interface.v2.csproj", "{A0DD7FA3-2D74-4CAC-852C-3ECB59DB4943}"
EndProject
Global
	GlobalSection(SolutionConfigurationPlatforms) = preSolution
		Debug|Any CPU = Debug|Any CPU
		Release|Any CPU = Release|Any CPU
	EndGlobalSection
	GlobalSection(ProjectConfigurationPlatforms) = postSolution
		{CCCB485D-BF52-401C-AA8B-5E3B7DF8D3BD}.Debug|Any CPU.ActiveCfg = Debug|Any CPU
		{CCCB485D-BF52-401C-AA8B-5E3B7DF8D3BD}.Debug|Any CPU.Build.0 = Debug|Any CPU
		{CCCB485D-BF52-401C-AA8B-5E3B7DF8D3BD}.Release|Any CPU.ActiveCfg = Release|Any CPU
		{CCCB485D-BF52-401C-AA8B-5E3B7DF8D3BD}.Release|Any CPU.Build.0 = Release|Any CPU
		{2A7907F5-73AB-4C64-BB3E-375FA120371E}.Debug|Any CPU.ActiveCfg = Debug|Any CPU
		{2A7907F5-73AB-4C64-BB3E-375FA120371E}.Debug|Any CPU.Build.0 = Debug|Any CPU
		{2A7907F5-73AB-4C64-BB3E-375FA120371E}.Release|Any CPU.ActiveCfg = Release|Any CPU
		{2A7907F5-73AB-4C64-BB3E-375FA120371E}.Release|Any CPU.Build.0 = Release|Any CPU
		{7826DC35-D68F-4DF1-906A-7229A57A8E15}.Debug|Any CPU.ActiveCfg = Debug|Any CPU
		{7826DC35-D68F-4DF1-906A-7229A57A8E15}.Debug|Any CPU.Build.0 = Debug|Any CPU
		{7826DC35-D68F-4DF1-906A-7229A57A8E15}.Release|Any CPU.ActiveCfg = Release|Any CPU
		{7826DC35-D68F-4DF1-906A-7229A57A8E15}.Release|Any CPU.Build.0 = Release|Any CPU
		{D089C48B-F7AE-4DB8-B5E9-271FAB07CC18}.Debug|Any CPU.ActiveCfg = Debug|Any CPU
		{D089C48B-F7AE-4DB8-B5E9-271FAB07CC18}.Debug|Any CPU.Build.0 = Debug|Any CPU
		{D089C48B-F7AE-4DB8-B5E9-271FAB07CC18}.Release|Any CPU.ActiveCfg = Release|Any CPU
		{D089C48B-F7AE-4DB8-B5E9-271FAB07CC18}.Release|Any CPU.Build.0 = Release|Any CPU
		{A0DD7FA3-2D74-4CAC-852C-3ECB59DB4943}.Debug|Any CPU.ActiveCfg = Debug|Any CPU
		{A0DD7FA3-2D74-4CAC-852C-3ECB59DB4943}.Debug|Any CPU.Build.0 = Debug|Any CPU
		{A0DD7FA3-2D74-4CAC-852C-3ECB59DB4943}.Release|Any CPU.ActiveCfg = Release|Any CPU
		{A0DD7FA3-2D74-4CAC-852C-3ECB59DB4943}.Release|Any CPU.Build.0 = Release|Any CPU
	EndGlobalSection
	GlobalSection(SolutionProperties) = preSolution
		HideSolutionNode = FALSE
	EndGlobalSection
	GlobalSection(NestedProjects) = preSolution
		{5276B976-2E8F-48E7-B92C-4BC724FB21ED} = {A08769F1-15FF-402A-9C2E-716AA7023355}
		{21C4446D-E10D-4A96-89C8-44A2D3CF5374} = {A08769F1-15FF-402A-9C2E-716AA7023355}
		{2A7907F5-73AB-4C64-BB3E-375FA120371E} = {5276B976-2E8F-48E7-B92C-4BC724FB21ED}
		{7826DC35-D68F-4DF1-906A-7229A57A8E15} = {5276B976-2E8F-48E7-B92C-4BC724FB21ED}
		{D089C48B-F7AE-4DB8-B5E9-271FAB07CC18} = {21C4446D-E10D-4A96-89C8-44A2D3CF5374}
		{A0DD7FA3-2D74-4CAC-852C-3ECB59DB4943} = {21C4446D-E10D-4A96-89C8-44A2D3CF5374}
	EndGlobalSection
EndGlobal
